
Microsoft Visual Studio Solution File, Format Version 12.00
# Visual Studio Version 17
VisualStudioVersion = 17.5.002.0
MinimumVisualStudioVersion = 10.0.40219.1
Project("{9A19103F-16F7-4668-BE54-9A1E7A4F7556}") = "Final", "Final\Final.csproj", "{40A3197F-97C1-4A31-8336-2121891D1576}"
EndProject
Project("{9A19103F-16F7-4668-BE54-9A1E7A4F7556}") = "Starter", "Starter\Starter.csproj", "{19C43188-F334-4C0F-AC17-F6CC1DCF4164}"
EndProject
Global
	GlobalSection(SolutionConfigurationPlatforms) = preSolution
		Debug|Any CPU = Debug|Any CPU
		Release|Any CPU = Release|Any CPU
	EndGlobalSection
	GlobalSection(ProjectConfigurationPlatforms) = postSolution
		{40A3197F-97C1-4A31-8336-2121891D1576}.Debug|Any CPU.ActiveCfg = Debug|Any CPU
		{40A3197F-97C1-4A31-8336-2121891D1576}.Debug|Any CPU.Build.0 = Debug|Any CPU
		{40A3197F-97C1-4A31-8336-2121891D1576}.Release|Any CPU.ActiveCfg = Release|Any CPU
		{40A3197F-97C1-4A31-8336-2121891D1576}.Release|Any CPU.Build.0 = Release|Any CPU
		{19C43188-F334-4C0F-AC17-F6CC1DCF4164}.Debug|Any CPU.ActiveCfg = Debug|Any CPU
		{19C43188-F334-4C0F-AC17-F6CC1DCF4164}.Debug|Any CPU.Build.0 = Debug|Any CPU
		{19C43188-F334-4C0F-AC17-F6CC1DCF4164}.Release|Any CPU.ActiveCfg = Release|Any CPU
		{19C43188-F334-4C0F-AC17-F6CC1DCF4164}.Release|Any CPU.Build.0 = Release|Any CPU
	EndGlobalSection
	GlobalSection(SolutionProperties) = preSolution
		HideSolutionNode = FALSE
	EndGlobalSection
	GlobalSection(ExtensibilityGlobals) = postSolution
		SolutionGuid = {C6079D5E-8287-48D8-95F8-1F87AD1BF164}
	EndGlobalSection
EndGlobal
